
Microsoft Visual Studio Solution File, Format Version 12.00
# Visual Studio Version 16
VisualStudioVersion = 16.0.30804.86
MinimumVisualStudioVersion = 10.0.40219.1
Project("{FAE04EC0-301F-11D3-BF4B-00C04F79EFBC}") = "ApiOne", "ApiOne\ApiOne.csproj", "{A4D77362-9F7E-4853-85F1-DB49AB86D7B2}"
EndProject
Project("{FAE04EC0-301F-11D3-BF4B-00C04F79EFBC}") = "ApiTwo", "ApiTwo\ApiTwo.csproj", "{CEB64846-684A-4E21-94B6-F16082DBC441}"
EndProject
Project("{FAE04EC0-301F-11D3-BF4B-00C04F79EFBC}") = "SharedModel", "SharedModel\SharedModel.csproj", "{324B3539-A3D9-424C-99A9-A959418EEED1}"
EndProject
Global
	GlobalSection(SolutionConfigurationPlatforms) = preSolution
		Debug|Any CPU = Debug|Any CPU
		Release|Any CPU = Release|Any CPU
	EndGlobalSection
	GlobalSection(ProjectConfigurationPlatforms) = postSolution
		{A4D77362-9F7E-4853-85F1-DB49AB86D7B2}.Debug|Any CPU.ActiveCfg = Debug|Any CPU
		{A4D77362-9F7E-4853-85F1-DB49AB86D7B2}.Debug|Any CPU.Build.0 = Debug|Any CPU
		{A4D77362-9F7E-4853-85F1-DB49AB86D7B2}.Release|Any CPU.ActiveCfg = Release|Any CPU
		{A4D77362-9F7E-4853-85F1-DB49AB86D7B2}.Release|Any CPU.Build.0 = Release|Any CPU
		{CEB64846-684A-4E21-94B6-F16082DBC441}.Debug|Any CPU.ActiveCfg = Debug|Any CPU
		{CEB64846-684A-4E21-94B6-F16082DBC441}.Debug|Any CPU.Build.0 = Debug|Any CPU
		{CEB64846-684A-4E21-94B6-F16082DBC441}.Release|Any CPU.ActiveCfg = Release|Any CPU
		{CEB64846-684A-4E21-94B6-F16082DBC441}.Release|Any CPU.Build.0 = Release|Any CPU
		{324B3539-A3D9-424C-99A9-A959418EEED1}.Debug|Any CPU.ActiveCfg = Debug|Any CPU
		{324B3539-A3D9-424C-99A9-A959418EEED1}.Debug|Any CPU.Build.0 = Debug|Any CPU
		{324B3539-A3D9-424C-99A9-A959418EEED1}.Release|Any CPU.ActiveCfg = Release|Any CPU
		{324B3539-A3D9-424C-99A9-A959418EEED1}.Release|Any CPU.Build.0 = Release|Any CPU
	EndGlobalSection
	GlobalSection(SolutionProperties) = preSolution
		HideSolutionNode = FALSE
	EndGlobalSection
	GlobalSection(ExtensibilityGlobals) = postSolution
		SolutionGuid = {C90E180B-CD69-4793-8B8F-E0F170BDF303}
	EndGlobalSection
EndGlobal
